
Microsoft Visual Studio Solution File, Format Version 12.00
# Visual Studio Version 17
VisualStudioVersion = 17.9.34728.123
MinimumVisualStudioVersion = 10.0.40219.1
Project("{FAE04EC0-301F-11D3-BF4B-00C04F79EFBC}") = "StudentCRUDUsingADO", "StudentCRUDUsingADO\StudentCRUDUsingADO.csproj", "{60DDB753-2450-4309-B271-2412F617822E}"
EndProject
Global
	GlobalSection(SolutionConfigurationPlatforms) = preSolution
		Debug|Any CPU = Debug|Any CPU
		Release|Any CPU = Release|Any CPU
	EndGlobalSection
	GlobalSection(ProjectConfigurationPlatforms) = postSolution
		{60DDB753-2450-4309-B271-2412F617822E}.Debug|Any CPU.ActiveCfg = Debug|Any CPU
		{60DDB753-2450-4309-B271-2412F617822E}.Debug|Any CPU.Build.0 = Debug|Any CPU
		{60DDB753-2450-4309-B271-2412F617822E}.Release|Any CPU.ActiveCfg = Release|Any CPU
		{60DDB753-2450-4309-B271-2412F617822E}.Release|Any CPU.Build.0 = Release|Any CPU
	EndGlobalSection
	GlobalSection(SolutionProperties) = preSolution
		HideSolutionNode = FALSE
	EndGlobalSection
	GlobalSection(ExtensibilityGlobals) = postSolution
		SolutionGuid = {004FC7DD-AB8D-4ACE-9007-D6C1DA02AF12}
	EndGlobalSection
EndGlobal
